
Microsoft Visual Studio Solution File, Format Version 12.00
# Visual Studio 15
VisualStudioVersion = 15.0.27703.2047
MinimumVisualStudioVersion = 10.0.40219.1
Project("{FAE04EC0-301F-11D3-BF4B-00C04F79EFBC}") = "AmnilPhotoContest.Web", "AmnilPhotoContest.Web\AmnilPhotoContest.Web.csproj", "{786FE2FD-7644-4FF2-9EC4-681F2678CB4E}"
EndProject
Project("{FAE04EC0-301F-11D3-BF4B-00C04F79EFBC}") = "AmnilPhotoContest.Business", "AmnilPhotoContest.Business\AmnilPhotoContest.Business.csproj", "{8564DB1C-13BF-428E-8FE1-85D1932E5AC8}"
EndProject
Project("{FAE04EC0-301F-11D3-BF4B-00C04F79EFBC}") = "AmnilPhotoContest.Concrete", "AmnilPhotoContest.Concrete\AmnilPhotoContest.Concrete.csproj", "{39AE540E-FF82-44DD-894B-9C4FFFE96E73}"
EndProject
Global
	GlobalSection(SolutionConfigurationPlatforms) = preSolution
		Debug|Any CPU = Debug|Any CPU
		Release|Any CPU = Release|Any CPU
	EndGlobalSection
	GlobalSection(ProjectConfigurationPlatforms) = postSolution
		{786FE2FD-7644-4FF2-9EC4-681F2678CB4E}.Debug|Any CPU.ActiveCfg = Debug|Any CPU
		{786FE2FD-7644-4FF2-9EC4-681F2678CB4E}.Debug|Any CPU.Build.0 = Debug|Any CPU
		{786FE2FD-7644-4FF2-9EC4-681F2678CB4E}.Release|Any CPU.ActiveCfg = Release|Any CPU
		{786FE2FD-7644-4FF2-9EC4-681F2678CB4E}.Release|Any CPU.Build.0 = Release|Any CPU
		{8564DB1C-13BF-428E-8FE1-85D1932E5AC8}.Debug|Any CPU.ActiveCfg = Debug|Any CPU
		{8564DB1C-13BF-428E-8FE1-85D1932E5AC8}.Debug|Any CPU.Build.0 = Debug|Any CPU
		{8564DB1C-13BF-428E-8FE1-85D1932E5AC8}.Release|Any CPU.ActiveCfg = Release|Any CPU
		{8564DB1C-13BF-428E-8FE1-85D1932E5AC8}.Release|Any CPU.Build.0 = Release|Any CPU
		{39AE540E-FF82-44DD-894B-9C4FFFE96E73}.Debug|Any CPU.ActiveCfg = Debug|Any CPU
		{39AE540E-FF82-44DD-894B-9C4FFFE96E73}.Debug|Any CPU.Build.0 = Debug|Any CPU
		{39AE540E-FF82-44DD-894B-9C4FFFE96E73}.Release|Any CPU.ActiveCfg = Release|Any CPU
		{39AE540E-FF82-44DD-894B-9C4FFFE96E73}.Release|Any CPU.Build.0 = Release|Any CPU
	EndGlobalSection
	GlobalSection(SolutionProperties) = preSolution
		HideSolutionNode = FALSE
	EndGlobalSection
	GlobalSection(ExtensibilityGlobals) = postSolution
		SolutionGuid = {DD8771DE-DBFF-42FB-A8D3-397A948393CD}
	EndGlobalSection
EndGlobal
